# Generated by conda-lock.
# platform: linux-64
# input_hash: 560bcedd2d6d26c574b9737e1be62189653534a766a1bd7d142515f7bd822026
@EXPLICIT
https://conda.anaconda.org/conda-forge/linux-64/_libgcc_mutex-0.1-conda_forge.tar.bz2#d7c89558ba9fa0495403155b64376d81
https://conda.anaconda.org/conda-forge/noarch/_r-mutex-1.0.1-anacondar_1.tar.bz2#19f9db5f4f1b7f5ef5f6d67207f25f38
https://conda.anaconda.org/conda-forge/linux-64/ca-certificates-2022.12.7-ha878542_0.conda#ff9f73d45c4a07d6f424495288a26080
https://conda.anaconda.org/conda-forge/noarch/font-ttf-dejavu-sans-mono-2.37-hab24e00_0.tar.bz2#0c96522c6bdaed4b1566d11387caaf45
https://conda.anaconda.org/conda-forge/noarch/font-ttf-inconsolata-3.000-h77eed37_0.tar.bz2#34893075a5c9e55cdafac56607368fc6
https://conda.anaconda.org/conda-forge/noarch/font-ttf-source-code-pro-2.038-h77eed37_0.tar.bz2#4d59c254e01d9cde7957100457e2d5fb
https://conda.anaconda.org/conda-forge/noarch/font-ttf-ubuntu-0.83-hab24e00_0.tar.bz2#19410c3df09dfb12d1206132a1d357c5
https://conda.anaconda.org/conda-forge/noarch/kernel-headers_linux-64-2.6.32-he073ed8_15.tar.bz2#5dd5127afd710f91f6a75821bac0a4f0
https://conda.anaconda.org/conda-forge/linux-64/ld_impl_linux-64-2.39-hcc3a1bd_1.conda#737be0d34c22d24432049ab7a3214de4
https://conda.anaconda.org/conda-forge/linux-64/libgcc-devel_linux-64-12.2.0-h3b97bd3_19.tar.bz2#199a7292b1d3535376ecf7670c231d1f
https://conda.anaconda.org/conda-forge/linux-64/libgfortran5-12.2.0-h337968e_19.tar.bz2#164b4b1acaedc47ee7e658ae6b308ca3
https://conda.anaconda.org/conda-forge/linux-64/libstdcxx-devel_linux-64-12.2.0-h3b97bd3_19.tar.bz2#277d373b57791ee71cafc3c5bfcf0641
https://conda.anaconda.org/conda-forge/linux-64/libstdcxx-ng-12.2.0-h46fd767_19.tar.bz2#1030b1f38c129f2634eae026f704fe60
https://conda.anaconda.org/conda-forge/linux-64/openjdk-8.0.144-zulu8.23.0.3_2.tar.bz2#88ddf27446d3f14c9cfcbb32b0854260
https://conda.anaconda.org/conda-forge/linux-64/pbzip2-1.1.13-0.tar.bz2#c8e59e8ed385634458f5a19f3fe2f219
https://conda.anaconda.org/conda-forge/noarch/pybind11-abi-4-hd8ed1ab_3.tar.bz2#878f923dd6acc8aeb47a75da6c4098be
https://conda.anaconda.org/conda-forge/linux-64/python_abi-3.10-3_cp310.conda#4eb33d14d794b0f4be116443ffed3853
https://conda.anaconda.org/conda-forge/noarch/tzdata-2022g-h191b570_0.conda#51fc4fcfb19f5d95ffc8c339db5068e8
https://conda.anaconda.org/conda-forge/noarch/fonts-conda-forge-1-0.tar.bz2#f766549260d6815b0c52253f1fb1bb29
https://conda.anaconda.org/conda-forge/linux-64/libgfortran-ng-12.2.0-h69a702a_19.tar.bz2#cd7a806282c16e1f2d39a7e80d3a3e0d
https://conda.anaconda.org/conda-forge/linux-64/libgomp-12.2.0-h65d4601_19.tar.bz2#cedcee7c064c01c403f962c9e8d3c373
https://conda.anaconda.org/bioconda/noarch/malt-0.61-hdfd78af_0.tar.bz2#3c27dba05fbd1d7711e0aaff28aefcae
https://conda.anaconda.org/bioconda/linux-64/megan-6.12.3-0.tar.bz2#cc44e7c87e64b2e753f6f45cabd1d011
https://conda.anaconda.org/conda-forge/noarch/sysroot_linux-64-2.12-he073ed8_15.tar.bz2#66c192522eacf5bb763568b4e415d133
https://conda.anaconda.org/conda-forge/linux-64/_openmp_mutex-4.5-2_gnu.tar.bz2#73aaf86a425cc6e73fcf236a5a46396d
https://conda.anaconda.org/conda-forge/linux-64/binutils_impl_linux-64-2.39-he00db2b_1.conda#3d726e8b51a1f5bfd66892a2b7d9db2d
https://conda.anaconda.org/conda-forge/noarch/fonts-conda-ecosystem-1-0.tar.bz2#fee5683a3f04bd15cbd8318b096a27ab
https://conda.anaconda.org/conda-forge/linux-64/libgcc-ng-12.2.0-h65d4601_19.tar.bz2#e4c94f80aef025c17ab0828cd85ef535
https://conda.anaconda.org/conda-forge/linux-64/bzip2-1.0.8-h7f98852_4.tar.bz2#a1fd65c7ccbf10880423d82bca54eb54
https://conda.anaconda.org/conda-forge/linux-64/c-ares-1.18.1-h7f98852_0.tar.bz2#f26ef8098fab1f719c91eb760d63381a
https://conda.anaconda.org/conda-forge/linux-64/expat-2.5.0-h27087fc_0.tar.bz2#c4fbad8d4bddeb3c085f18cbf97fbfad
https://conda.anaconda.org/conda-forge/linux-64/fftw-3.3.10-nompi_hf0379b8_106.conda#d7407e695358f068a2a7f8295cde0567
https://conda.anaconda.org/conda-forge/linux-64/fmt-9.1.0-h924138e_0.tar.bz2#b57864c85261a0fbc7132d2cc17478c7
https://conda.anaconda.org/conda-forge/linux-64/fribidi-1.0.10-h36c2ea0_0.tar.bz2#ac7bc6a654f8f41b352b38f4051135f8
https://conda.anaconda.org/conda-forge/linux-64/gettext-0.21.1-h27087fc_0.tar.bz2#14947d8770185e5153fdd04d4673ed37
https://conda.anaconda.org/conda-forge/linux-64/ghostscript-9.54.0-h27087fc_2.tar.bz2#c3b35ac18d09ffc8d46064fb09a696af
https://conda.anaconda.org/conda-forge/linux-64/giflib-5.2.1-h36c2ea0_2.tar.bz2#626e68ae9cc5912d6adb79d318cf962d
https://conda.anaconda.org/conda-forge/linux-64/graphite2-1.3.13-h58526e2_1001.tar.bz2#8c54672728e8ec6aa6db90cf2806d220
https://conda.anaconda.org/conda-forge/linux-64/icu-70.1-h27087fc_0.tar.bz2#87473a15119779e021c314249d4b4aed
https://conda.anaconda.org/conda-forge/linux-64/isa-l-2.30.0-ha770c72_4.tar.bz2#e9f011f428f6a0bba8a2613d7c107b88
https://conda.anaconda.org/conda-forge/linux-64/jbig-2.1-h7f98852_2003.tar.bz2#1aa0cee79792fa97b7ff4545110b60bf
https://conda.anaconda.org/conda-forge/linux-64/jpeg-9e-h166bdaf_2.tar.bz2#ee8b844357a0946870901c7c6f418268
https://conda.anaconda.org/conda-forge/linux-64/keyutils-1.6.1-h166bdaf_0.tar.bz2#30186d27e2c9fa62b45fb1476b7200e3
https://conda.anaconda.org/bioconda/linux-64/kmer-jellyfish-1.1.12-h9f5acd7_2.tar.bz2#aa93b899c86192ebd022003249e902a0
https://conda.anaconda.org/conda-forge/linux-64/lerc-4.0.0-h27087fc_0.tar.bz2#76bbff344f0134279f225174e9064c8f
https://conda.anaconda.org/conda-forge/linux-64/libbrotlicommon-1.0.9-h166bdaf_8.tar.bz2#9194c9bf9428035a05352d031462eae4
https://conda.anaconda.org/conda-forge/linux-64/libdeflate-1.13-h166bdaf_0.tar.bz2#4b5bee2e957570197327d0b20a718891
https://conda.anaconda.org/conda-forge/linux-64/libev-4.33-h516909a_1.tar.bz2#6f8720dff19e17ce5d48cfe7f3d2f0a3
https://conda.anaconda.org/conda-forge/linux-64/libffi-3.4.2-h7f98852_5.tar.bz2#d645c6d2ac96843a2bfaccd2d62b3ac3
https://conda.anaconda.org/conda-forge/linux-64/libiconv-1.17-h166bdaf_0.tar.bz2#b62b52da46c39ee2bc3c162ac7f1804d
https://conda.anaconda.org/conda-forge/linux-64/libnsl-2.0.0-h7f98852_0.tar.bz2#39b1328babf85c7c3a61636d9cd50206
https://conda.anaconda.org/conda-forge/linux-64/libopenblas-0.3.21-pthreads_h78a6416_3.tar.bz2#8c5963a49b6035c40646a763293fbb35
https://conda.anaconda.org/conda-forge/linux-64/libsanitizer-12.2.0-h46fd767_19.tar.bz2#80d0e00150401e9c06a055f36e8e73f2
https://conda.anaconda.org/conda-forge/linux-64/libtool-2.4.7-h27087fc_0.conda#f204c8ba400ec475452737094fb81d52
https://conda.anaconda.org/conda-forge/linux-64/libunistring-0.9.10-h7f98852_0.tar.bz2#7245a044b4a1980ed83196176b78b73a
https://conda.anaconda.org/conda-forge/linux-64/libuuid-2.32.1-h7f98852_1000.tar.bz2#772d69f030955d9646d3d0eaf21d859d
https://conda.anaconda.org/conda-forge/linux-64/libwebp-base-1.2.4-h166bdaf_0.tar.bz2#ac2ccf7323d21f2994e4d1f5da664f37
https://conda.anaconda.org/conda-forge/linux-64/libzlib-1.2.13-h166bdaf_4.tar.bz2#f3f9de449d32ca9b9c66a22863c96f41
https://conda.anaconda.org/conda-forge/linux-64/lz4-c-1.9.4-hcb278e6_0.conda#318b08df404f9c9be5712aaa5a6f0bb0
https://conda.anaconda.org/conda-forge/linux-64/lzo-2.10-h516909a_1000.tar.bz2#bb14fcb13341b81d5eb386423b9d2bac
https://conda.anaconda.org/conda-forge/linux-64/make-4.3-hd18ef5c_1.tar.bz2#4049ebfd3190b580dffe76daed26155a
https://conda.anaconda.org/conda-forge/linux-64/ncurses-6.3-h27087fc_1.tar.bz2#4acfc691e64342b9dae57cf2adc63238
https://conda.anaconda.org/conda-forge/linux-64/openssl-1.1.1s-h0b41bf4_1.conda#c5405eccf20334e57a80c1c3a9e68266
https://conda.anaconda.org/conda-forge/linux-64/pixman-0.40.0-h36c2ea0_0.tar.bz2#660e72c82f2e75a6b3fe6a6e75c79f19
https://conda.anaconda.org/conda-forge/linux-64/pkg-config-0.29.2-h36c2ea0_1008.tar.bz2#fbef41ff6a4c8140c30057466a1cdd47
https://conda.anaconda.org/conda-forge/linux-64/pthread-stubs-0.4-h36c2ea0_1001.tar.bz2#22dad4df6e8630e8dff2428f6f6a7036
https://conda.anaconda.org/conda-forge/linux-64/reproc-14.2.4-h0b41bf4_0.conda#0f51393e019df1f0047ef864cd9ddeec
https://conda.anaconda.org/conda-forge/linux-64/sed-4.8-he412f7d_0.tar.bz2#7362f0042e95681f5d371c46c83ebd08
https://conda.anaconda.org/conda-forge/linux-64/xorg-kbproto-1.0.7-h7f98852_1002.tar.bz2#4b230e8381279d76131116660f5a241a
https://conda.anaconda.org/conda-forge/linux-64/xorg-libice-1.0.10-h7f98852_0.tar.bz2#d6b0b50b49eccfe0be0373be628be0f3
https://conda.anaconda.org/conda-forge/linux-64/xorg-libxau-1.0.9-h7f98852_0.tar.bz2#bf6f803a544f26ebbdc3bfff272eb179
https://conda.anaconda.org/conda-forge/linux-64/xorg-libxdmcp-1.1.3-h7f98852_0.tar.bz2#be93aabceefa2fac576e971aef407908
https://conda.anaconda.org/conda-forge/linux-64/xorg-renderproto-0.11.1-h7f98852_1002.tar.bz2#06feff3d2634e3097ce2fe681474b534
https://conda.anaconda.org/conda-forge/linux-64/xorg-xextproto-7.3.0-h7f98852_1002.tar.bz2#1e15f6ad85a7d743a2ac68dae6c82b98
https://conda.anaconda.org/conda-forge/linux-64/xorg-xproto-7.0.31-h7f98852_1007.tar.bz2#b4a4381d54784606820704f7b5f05a15
https://conda.anaconda.org/conda-forge/linux-64/xxhash-0.8.0-h7f98852_3.tar.bz2#52402c791f35e414e704b7a113f99605
https://conda.anaconda.org/conda-forge/linux-64/xz-5.2.6-h166bdaf_0.tar.bz2#2161070d867d1b1204ea749c8eec4ef0
https://conda.anaconda.org/conda-forge/linux-64/yaml-0.2.5-h7f98852_2.tar.bz2#4cb3ad778ec2d5a7acbdf254eb1c42ae
https://conda.anaconda.org/conda-forge/linux-64/yaml-cpp-0.7.0-h27087fc_2.tar.bz2#0449d47d8457feaa3720d4779616dde2
https://conda.anaconda.org/conda-forge/linux-64/gcc_impl_linux-64-12.2.0-hcc96c02_19.tar.bz2#bb48ea333c8e6dcc159a1575f04d869e
https://conda.anaconda.org/conda-forge/linux-64/libblas-3.9.0-16_linux64_openblas.tar.bz2#d9b7a8639171f6c6fa0a983edabcfe2b
https://conda.anaconda.org/conda-forge/linux-64/libbrotlidec-1.0.9-h166bdaf_8.tar.bz2#4ae4d7795d33e02bd20f6b23d91caf82
https://conda.anaconda.org/conda-forge/linux-64/libbrotlienc-1.0.9-h166bdaf_8.tar.bz2#04bac51ba35ea023dc48af73c1c88c25
https://conda.anaconda.org/conda-forge/linux-64/libedit-3.1.20191231-he28a2e2_2.tar.bz2#4d331e44109e3f0e19b4cb8f9b82f3e1
https://conda.anaconda.org/conda-forge/linux-64/libidn2-2.3.4-h166bdaf_0.tar.bz2#7440fbafd870b8bab68f83a064875d34
https://conda.anaconda.org/conda-forge/linux-64/libnghttp2-1.51.0-hdcd2b5c_0.conda#c42b460bae0365fb9777b1ff9d09a554
https://conda.anaconda.org/conda-forge/linux-64/libpng-1.6.39-h753d276_0.conda#e1c890aebdebbfbf87e2c917187b4416
https://conda.anaconda.org/conda-forge/linux-64/libsolv-0.7.23-h3eb15da_0.conda#122332e6deb4aea9eaf22021d2ecd256
https://conda.anaconda.org/conda-forge/linux-64/libsqlite-3.40.0-h753d276_0.tar.bz2#2e5f9a37d487e1019fd4d8113adb2f9f
https://conda.anaconda.org/conda-forge/linux-64/libssh2-1.10.0-haa6b8db_3.tar.bz2#89acee135f0809a18a1f4537390aa2dd
https://conda.anaconda.org/conda-forge/linux-64/libxcb-1.13-h7f98852_1004.tar.bz2#b3653fdc58d03face9724f602218a904
https://conda.anaconda.org/conda-forge/linux-64/libxml2-2.10.3-h7463322_0.tar.bz2#3b933ea47ef8f330c4c068af25fcd6a8
https://conda.anaconda.org/conda-forge/linux-64/pandoc-2.19.2-h32600fe_1.tar.bz2#35a82883468c85ac8bf41f083c1933cf
https://conda.anaconda.org/conda-forge/linux-64/pcre2-10.40-hc3806b6_0.tar.bz2#69e2c796349cd9b273890bee0febfe1b
https://conda.anaconda.org/conda-forge/linux-64/perl-5.32.1-2_h7f98852_perl5.tar.bz2#09ba115862623f00962e9809ea248f1a
https://conda.anaconda.org/conda-forge/linux-64/popt-1.16-h0b475e3_2002.tar.bz2#78388f97473c02e5ac8a3742eee4c959
https://conda.anaconda.org/conda-forge/linux-64/readline-8.1.2-h0f457ee_0.tar.bz2#db2ebbe2943aae81ed051a6a9af8e0fa
https://conda.anaconda.org/conda-forge/linux-64/reproc-cpp-14.2.4-hcb278e6_0.conda#ede8e0f849f2fee2f78cb488b4ea3b33
https://conda.anaconda.org/conda-forge/linux-64/tar-1.34-hb2e2bae_1.tar.bz2#55aeaa9caf9a1cfd1a8cd3ad4e7885ea
https://conda.anaconda.org/conda-forge/linux-64/tk-8.6.12-h27826a3_0.tar.bz2#5b8c42eb62e9fc961af70bdd6a26e168
https://conda.anaconda.org/conda-forge/linux-64/xorg-libsm-1.2.3-hd9c2040_1000.tar.bz2#9e856f78d5c80d5a78f61e72d1d473a3
https://conda.anaconda.org/conda-forge/linux-64/zlib-1.2.13-h166bdaf_4.tar.bz2#4b11e365c0275b808be78b30f904e295
https://conda.anaconda.org/conda-forge/linux-64/zstd-1.5.2-h3eb15da_6.conda#6b63daed8feeca47be78f323e793d555
https://conda.anaconda.org/conda-forge/linux-64/brotli-bin-1.0.9-h166bdaf_8.tar.bz2#e5613f2bc717e9945840ff474419b8e4
https://conda.anaconda.org/conda-forge/linux-64/bwidget-1.9.14-ha770c72_1.tar.bz2#5746d6202ba2abad4a4707f2a2462795
https://conda.anaconda.org/conda-forge/linux-64/freetype-2.12.1-hca18f0e_1.conda#e1232042de76d24539a436d37597eb06
https://conda.anaconda.org/conda-forge/linux-64/gfortran_impl_linux-64-12.2.0-h55be85b_19.tar.bz2#143d770a2a2911cd84b98286db0e6a40
https://conda.anaconda.org/conda-forge/linux-64/gxx_impl_linux-64-12.2.0-hcc96c02_19.tar.bz2#698aae34e4f5e0ea8eac0d529c8f20b6
https://conda.anaconda.org/conda-forge/linux-64/krb5-1.20.1-hf9c8cef_0.conda#5f7e9efd540d7ac4b485660231ba6150
https://conda.anaconda.org/conda-forge/linux-64/libarchive-3.6.2-hc8874e4_0.conda#e3b2294f023ffa44116706685dca19b4
https://conda.anaconda.org/conda-forge/linux-64/libcblas-3.9.0-16_linux64_openblas.tar.bz2#20bae26d0a1db73f758fc3754cab4719
https://conda.anaconda.org/conda-forge/linux-64/libglib-2.74.1-h606061b_1.tar.bz2#ed5349aa96776e00b34eccecf4a948fe
https://conda.anaconda.org/conda-forge/linux-64/libhwloc-2.8.0-h32351e8_1.tar.bz2#0c52bb2b3b621d684f3beabd4aacaca7
https://conda.anaconda.org/conda-forge/linux-64/liblapack-3.9.0-16_linux64_openblas.tar.bz2#955d993f41f9354bf753d29864ea20ad
https://conda.anaconda.org/conda-forge/linux-64/libtiff-4.4.0-h0e0dad5_3.tar.bz2#5627d42c13a9b117ae1701c6e195624f
https://conda.anaconda.org/conda-forge/linux-64/parallel-20230122-ha770c72_0.conda#aedb4b08c4ed3430eb499172c4fefb83
https://conda.anaconda.org/conda-forge/noarch/perl-base-2.23-pl5321hd8ed1ab_0.tar.bz2#d0ae29661c8985b4e4a512e6973f7a3f
https://conda.anaconda.org/conda-forge/linux-64/perl-compress-raw-zlib-2.202-pl5321h166bdaf_0.tar.bz2#66176366c49e2f70b3a764bc744b5010
https://conda.anaconda.org/conda-forge/noarch/perl-constant-1.33-pl5321hd8ed1ab_0.tar.bz2#7f9fc9cfa08a3fe36ffcff820c65c3ac
https://conda.anaconda.org/conda-forge/linux-64/perl-data-dumper-2.183-pl5321h166bdaf_0.tar.bz2#bc64b4d3f071a6a9db2023e696a0a2cb
https://conda.anaconda.org/bioconda/noarch/perl-digest-hmac-1.04-pl5321hdfd78af_0.tar.bz2#872d481415766335aea1abc5b4b0a16d
https://conda.anaconda.org/conda-forge/linux-64/perl-digest-md5-2.58-pl5321h166bdaf_0.tar.bz2#734f1242a0410c2b849656295d6a909d
https://conda.anaconda.org/conda-forge/noarch/perl-exporter-5.74-pl5321hd8ed1ab_0.tar.bz2#fd2eac4e35f8c970870a3961c1df3e29
https://conda.anaconda.org/conda-forge/noarch/perl-extutils-makemaker-7.66-pl5321hd8ed1ab_0.conda#1b11fdf0ba127d26811377c1500e5482
https://conda.anaconda.org/bioconda/noarch/perl-file-spec-3.48_01-pl5321hdfd78af_2.tar.bz2#aab3e394e9759fffdbd042d98d30aeb8
https://conda.anaconda.org/bioconda/noarch/perl-html-tagset-3.20-pl5321hdfd78af_4.tar.bz2#69c71855f076d4e826c1af7b4d197969
https://conda.anaconda.org/bioconda/noarch/perl-io-html-1.004-pl5321hdfd78af_0.tar.bz2#41b9702808c81294c0b1dc112f239214
https://conda.anaconda.org/conda-forge/linux-64/perl-mime-base64-3.16-pl5321h166bdaf_0.tar.bz2#ea00137633c45f99a5c0fdaa3418c507
https://conda.anaconda.org/bioconda/noarch/perl-mozilla-ca-20211001-pl5321hdfd78af_0.tar.bz2#3143471a42244ba6dd52fb8f156a3915
https://conda.anaconda.org/conda-forge/noarch/perl-parent-0.239-pl5321hd8ed1ab_0.conda#50606a6bd9fe2375b3a0e8f4cdae19f7
https://conda.anaconda.org/bioconda/linux-64/perl-socket-2.027-pl5321hec16e2b_3.tar.bz2#4fe2faefe1f46241d481f340b4b8eb2e
https://conda.anaconda.org/conda-forge/linux-64/perl-storable-3.15-pl5321h166bdaf_0.tar.bz2#1e9fb913a11eb8a17d6556efbea1e13d
https://conda.anaconda.org/bioconda/noarch/perl-timedate-2.33-pl5321hdfd78af_2.tar.bz2#c4686f71d90a9ecbaf76c6794a309843
https://conda.anaconda.org/conda-forge/linux-64/perl-try-tiny-0.31-pl5321ha770c72_0.tar.bz2#cc23b14ed56bf51d84832d98ebd156af
https://conda.anaconda.org/bioconda/linux-64/perl-url-encode-0.03-pl5321h9ee0642_0.tar.bz2#ae808218ba4a3eb830f03e4277ba4625
https://conda.anaconda.org/conda-forge/linux-64/pigz-2.6-h27826a3_0.tar.bz2#677798489006b14291e8617223e34348
https://conda.anaconda.org/conda-forge/linux-64/python-3.10.8-h257c98d_0_cpython.conda#fa742265350d7f6d664bc13436caf4ad
https://conda.anaconda.org/conda-forge/linux-64/rsync-3.2.7-h220164a_0.tar.bz2#126d991a9c75d72dd582675a77cd9e23
https://conda.anaconda.org/bioconda/linux-64/seqtk-1.3-h7132678_4.tar.bz2#b3917ce9564f6f2bfa1cabe3add20a10
https://conda.anaconda.org/conda-forge/linux-64/tktable-2.10-hb7b940f_3.tar.bz2#ea4d0879e40211fa26f38d8986db1bbe
https://conda.anaconda.org/conda-forge/linux-64/wget-1.20.3-ha56f1ee_1.tar.bz2#674f6b42484dbfd11906c3b0a93585e9
https://conda.anaconda.org/conda-forge/linux-64/xorg-libx11-1.7.2-h7f98852_0.tar.bz2#12a61e640b8894504326aadafccbb790
https://conda.anaconda.org/conda-forge/noarch/appdirs-1.4.4-pyh9f0ad1d_0.tar.bz2#5f095bc6454094e96f146491fd03633b
https://conda.anaconda.org/conda-forge/linux-64/atk-1.0-2.38.0-hd4edc92_1.tar.bz2#6c72ec3e660a51736913ef6ea68c454b
https://conda.anaconda.org/conda-forge/noarch/attrs-22.2.0-pyh71513ae_0.conda#8b76db7818a4e401ed4486c4c1635cd9
https://conda.anaconda.org/conda-forge/linux-64/brotli-1.0.9-h166bdaf_8.tar.bz2#2ff08978892a3e8b954397c461f18418
https://conda.anaconda.org/conda-forge/noarch/certifi-2022.12.7-pyhd8ed1ab_0.conda#fb9addc3db06e56abe03e0e9f21a63e6
https://conda.anaconda.org/conda-forge/noarch/charset-normalizer-2.1.1-pyhd8ed1ab_0.tar.bz2#c1d5b294fbf9a795dec349a6f4d8be8e
https://conda.anaconda.org/conda-forge/noarch/click-8.1.3-unix_pyhd8ed1ab_2.tar.bz2#20e4087407c7cb04a40817114b333dbf
https://conda.anaconda.org/conda-forge/noarch/colorama-0.4.6-pyhd8ed1ab_0.tar.bz2#3faab06a954c2a04039983f2c4a50d99
https://conda.anaconda.org/conda-forge/noarch/configargparse-1.5.3-pyhd8ed1ab_0.tar.bz2#318b72c3c2dfca9aebdbaf258609d02d
https://conda.anaconda.org/conda-forge/noarch/connection_pool-0.0.3-pyhd3deb0d_0.tar.bz2#e270fff08907db8691c02a0eda8d38ae
https://conda.anaconda.org/conda-forge/noarch/cycler-0.11.0-pyhd8ed1ab_0.tar.bz2#a50559fad0affdbb33729a68669ca1cb
https://conda.anaconda.org/conda-forge/linux-64/datrie-0.8.2-py310h5764c6d_6.tar.bz2#93a4d7870202d98c85ff246b39027745
https://conda.anaconda.org/conda-forge/linux-64/docutils-0.19-py310hff52083_1.tar.bz2#21b8fa2179290505e607f5ccd65b01b0
https://conda.anaconda.org/conda-forge/linux-64/dpath-2.1.4-py310hff52083_0.conda#54600dfad6069911a560f42eebad9912
https://conda.anaconda.org/conda-forge/noarch/filelock-3.9.0-pyhd8ed1ab_0.conda#1addc115923d646ca19ed90edc413506
https://conda.anaconda.org/conda-forge/linux-64/fontconfig-2.14.1-hc2a2eb6_0.tar.bz2#78415f0180a8d9c5bcc47889e00d5fb1
https://conda.anaconda.org/conda-forge/noarch/future-0.18.3-pyhd8ed1ab_0.conda#fec8329fc739090f26a7d7803db254f1
https://conda.anaconda.org/conda-forge/linux-64/gdk-pixbuf-2.42.8-hff1cb4f_1.tar.bz2#a61c6312192e7c9de71548a6706a21e6
https://conda.anaconda.org/conda-forge/linux-64/gsl-2.7-he838d99_0.tar.bz2#fec079ba39c9cca093bf4c00001825de
https://conda.anaconda.org/conda-forge/linux-64/gts-0.7.6-h64030ff_2.tar.bz2#112eb9b5b93f0c02e59aea4fd1967363
https://conda.anaconda.org/conda-forge/linux-64/humanfriendly-10.0-py310hff52083_4.tar.bz2#43bd27c73e9e3b0bc508217ae409798f
https://conda.anaconda.org/conda-forge/noarch/idna-3.4-pyhd8ed1ab_0.tar.bz2#34272b248891bddccc64479f9a7fffed
https://conda.anaconda.org/conda-forge/linux-64/kiwisolver-1.4.4-py310hbf28c38_1.tar.bz2#ad5647e517ba68e2868ef2e6e6ff7723
https://conda.anaconda.org/conda-forge/linux-64/lcms2-2.14-h6ed2654_0.tar.bz2#dcc588839de1445d90995a0a2c4f3a39
https://conda.anaconda.org/conda-forge/linux-64/libcurl-7.87.0-h6312ad2_0.conda#ad07f06bd133e76e12165bc3ec2c8646
https://conda.anaconda.org/conda-forge/linux-64/liblapacke-3.9.0-16_linux64_openblas.tar.bz2#823ceb5567e1a595deb643fcd17aed5a
https://conda.anaconda.org/conda-forge/linux-64/libwebp-1.2.4-h522a892_0.tar.bz2#802e43f480122a85ae6a34c1909f8f98
https://conda.anaconda.org/conda-forge/linux-64/markupsafe-2.1.2-py310h1fa729e_0.conda#a1f0db6709778b77b5903541eeac4032
https://conda.anaconda.org/conda-forge/noarch/mdurl-0.1.0-pyhd8ed1ab_0.tar.bz2#f8dab71fdc13b1bf29a01248b156d268
https://conda.anaconda.org/conda-forge/noarch/munkres-1.1.4-pyh9f0ad1d_0.tar.bz2#2ba8498c1018c1e9c61eb99b973dfe19
https://conda.anaconda.org/conda-forge/noarch/networkx-3.0-pyhd8ed1ab_0.conda#88e40007414ea9a13f8df20fcffa87e2
https://conda.anaconda.org/conda-forge/linux-64/numpy-1.24.1-py310h08bbf29_0.conda#0d1f2e988c8810be90ffe441a303090a
https://conda.anaconda.org/conda-forge/linux-64/openjpeg-2.5.0-h7d73246_1.tar.bz2#a11b4df9271a8d7917686725aa04c8f2
https://conda.anaconda.org/conda-forge/noarch/packaging-23.0-pyhd8ed1ab_0.conda#1ff2e3ca41f0ce16afec7190db28288b
https://conda.anaconda.org/conda-forge/noarch/perl-carp-1.50-pl5321hd8ed1ab_0.tar.bz2#bdddc03e28019b902da71b722f2288d7
https://conda.anaconda.org/conda-forge/linux-64/perl-encode-3.19-pl5321h166bdaf_0.tar.bz2#ee3502fa957b5c53071c5d7c7ee62f59
https://conda.anaconda.org/conda-forge/linux-64/perl-net-ssleay-1.92-pl5321haa6b8db_1.tar.bz2#20ad92b33004bf0c1c3cec84b3c76e7b
https://conda.anaconda.org/bioconda/noarch/perl-ntlm-1.09-pl5321hdfd78af_5.tar.bz2#dac95634eb35296b62569c77e2ceef5c
https://conda.anaconda.org/bioconda/noarch/perl-test-requiresinternet-0.05-pl5321hdfd78af_1.tar.bz2#715b1cf617730df28080c5c3981212e4
https://conda.anaconda.org/conda-forge/noarch/pkgutil-resolve-name-1.3.10-pyhd8ed1ab_0.tar.bz2#89e3c7cdde7d3aaa2aee933b604dd07f
https://conda.anaconda.org/conda-forge/noarch/plac-1.3.5-pyhd8ed1ab_0.tar.bz2#2a2a3d9ccee1a4c2530374e29add74bc
https://conda.anaconda.org/conda-forge/noarch/pluggy-1.0.0-pyhd8ed1ab_5.tar.bz2#7d301a0d25f424d96175f810935f0da9
https://conda.anaconda.org/conda-forge/linux-64/psutil-5.9.4-py310h5764c6d_0.tar.bz2#c3c55664e9becc48e6a652e2b641961f
https://conda.anaconda.org/conda-forge/linux-64/pycosat-0.6.4-py310h5764c6d_1.tar.bz2#0e565d732f6660374b45d76761c09b06
https://conda.anaconda.org/conda-forge/noarch/pycparser-2.21-pyhd8ed1ab_0.tar.bz2#076becd9e05608f8dc72757d5f3a91ff
https://conda.anaconda.org/conda-forge/noarch/pyparsing-3.0.9-pyhd8ed1ab_0.tar.bz2#e8fbc1b54b25f4b08281467bc13b70cc
https://conda.anaconda.org/conda-forge/linux-64/pyrsistent-0.19.3-py310h1fa729e_0.conda#f732bec05ecc2e302a868d971ae484e0
https://conda.anaconda.org/conda-forge/noarch/pysocks-1.7.1-pyha2e5f31_6.tar.bz2#2a7de29fb590ca14b5243c4c812c8025
https://conda.anaconda.org/conda-forge/noarch/python-fastjsonschema-2.16.2-pyhd8ed1ab_0.tar.bz2#5fe4b6002f505336734ce92961b3e6a0
https://conda.anaconda.org/conda-forge/linux-64/python-isal-1.1.0-py310h5764c6d_1.tar.bz2#234cd9a20245bbcb503cff7c40b02e0d
https://conda.anaconda.org/conda-forge/noarch/pytz-2022.7.1-pyhd8ed1ab_0.conda#f59d49a7b464901cf714b9e7984d01a2
https://conda.anaconda.org/conda-forge/linux-64/pyyaml-6.0-py310h5764c6d_5.tar.bz2#9e68d2ff6d98737c855b65f48dd3c597
https://conda.anaconda.org/conda-forge/noarch/reretry-0.11.8-pyhd8ed1ab_0.conda#b8a877fba9cfe5d5dc2fef9d951316dd
https://conda.anaconda.org/conda-forge/linux-64/ruamel.yaml.clib-0.2.7-py310h1fa729e_1.conda#2f9b517412af46255cef5e53a22c264e
https://conda.anaconda.org/conda-forge/noarch/setuptools-66.1.1-pyhd8ed1ab_0.conda#9467d520d1457018e055bbbfdf9b7567
https://conda.anaconda.org/conda-forge/linux-64/simplejson-3.18.1-py310h1fa729e_0.conda#88602f3bbbe025f8cf28d546f97e686e
https://conda.anaconda.org/conda-forge/noarch/six-1.16.0-pyh6c4a22f_0.tar.bz2#e5f25f8dbc060e9a8d912e432202afc2
https://conda.anaconda.org/conda-forge/noarch/smart_open-6.3.0-pyhd8ed1ab_1.conda#5ace9ea29eb3a47516a866a529a36c66
https://conda.anaconda.org/conda-forge/noarch/smmap-3.0.5-pyh44b312d_0.tar.bz2#3a8dc70789709aa315325d5df06fb7e4
https://conda.anaconda.org/conda-forge/noarch/tabulate-0.9.0-pyhd8ed1ab_1.tar.bz2#4759805cce2d914c38472f70bf4d8bcb
https://conda.anaconda.org/conda-forge/linux-64/tbb-2021.7.0-h924138e_1.conda#1a272773743a97aa044fd5bcdac2138a
https://conda.anaconda.org/conda-forge/noarch/throttler-1.2.1-pyhd8ed1ab_0.tar.bz2#c8f6bde557bb74cdbbd1fc14ad1d0bf7
https://conda.anaconda.org/conda-forge/noarch/toolz-0.12.0-pyhd8ed1ab_0.tar.bz2#92facfec94bc02d6ccf42e7173831a36
https://conda.anaconda.org/conda-forge/noarch/toposort-1.9-pyhd8ed1ab_0.conda#e2059f0ee49c65da44ec2671f3a9484c
https://conda.anaconda.org/conda-forge/noarch/traitlets-5.8.1-pyhd8ed1ab_0.conda#ef5179bcc6a9acc23b12ac92936e05ab
https://conda.anaconda.org/conda-forge/noarch/typing_extensions-4.4.0-pyha770c72_0.tar.bz2#2d93b130d148d7fc77e583677792fc6a
https://conda.anaconda.org/conda-forge/linux-64/unicodedata2-15.0.0-py310h5764c6d_0.tar.bz2#e972c5a1f472561cf4a91962cb01f4b4
https://conda.anaconda.org/conda-forge/linux-64/wrapt-1.14.1-py310h5764c6d_1.tar.bz2#49c8664940fe2f6124193ba3cc32ca20
https://conda.anaconda.org/conda-forge/linux-64/xorg-libxext-1.3.4-h7f98852_1.tar.bz2#536cc5db4d0a3ba0630541aec064b5e4
https://conda.anaconda.org/conda-forge/linux-64/xorg-libxrender-0.9.10-h7f98852_1003.tar.bz2#f59c1242cc1dd93e72c2ee2b360979eb
https://conda.anaconda.org/conda-forge/linux-64/xorg-libxt-1.2.1-h7f98852_2.tar.bz2#60d6eec5273f1c9af096c10c268912e3
https://conda.anaconda.org/conda-forge/noarch/zipp-3.11.0-pyhd8ed1ab_0.conda#09b5b885341697137879a4f039a9e5a1
https://conda.anaconda.org/conda-forge/noarch/amply-0.1.5-pyhd8ed1ab_0.tar.bz2#77d9fa71552d07696ba44d2fac4f3d28
https://conda.anaconda.org/conda-forge/linux-64/biopython-1.80-py310h5764c6d_0.conda#e5055ed7566b2884c4d449fee0adbe75
https://conda.anaconda.org/bioconda/linux-64/bowtie2-2.5.0-py310h8d7afc0_0.tar.bz2#a7912a35b03bd1522f317379c0ad964e
https://conda.anaconda.org/conda-forge/linux-64/cairo-1.16.0-ha61ee94_1014.tar.bz2#d1a88f3ed5b52e1024b80d4bcd26a7a0
https://conda.anaconda.org/conda-forge/linux-64/cffi-1.15.1-py310h255011f_3.conda#800596144bb613cd7ac58b80900ce835
https://conda.anaconda.org/conda-forge/linux-64/coin-or-utils-2.11.6-h202d8b1_2.tar.bz2#c4a6ddb2cff90830d840199559aaae49
https://conda.anaconda.org/conda-forge/noarch/coloredlogs-15.0.1-pyhd8ed1ab_3.tar.bz2#7b4fc18b7f66382257c45424eaf81935
https://conda.anaconda.org/conda-forge/noarch/colormath-3.0.0-py_2.tar.bz2#724c323d724ab98bca84f88d03cff543
https://conda.anaconda.org/conda-forge/linux-64/contourpy-1.0.7-py310hdf3cbec_0.conda#7bf9d8c765b6b04882c719509652c6d6
https://conda.anaconda.org/conda-forge/linux-64/curl-7.87.0-h6312ad2_0.conda#e6ca70adeae12dce14cbf412b58ace64
https://conda.anaconda.org/bioconda/noarch/fastqc-0.11.9-hdfd78af_1.tar.bz2#abd0a12b10022d480c5c508e9170b1ed
https://conda.anaconda.org/conda-forge/linux-64/fonttools-4.38.0-py310h5764c6d_1.tar.bz2#12ebe92a8a578bc903bd844744f4d040
https://conda.anaconda.org/conda-forge/noarch/gitdb-4.0.10-pyhd8ed1ab_0.conda#3706d2f3d7cb5dae600c833345a76132
https://conda.anaconda.org/bioconda/linux-64/htslib-1.16-h6bc39ce_0.tar.bz2#503d5675802731748f348164d978c6de
https://conda.anaconda.org/conda-forge/noarch/importlib-metadata-6.0.0-pyha770c72_0.conda#691644becbcdca9f73243450b1c63e62
https://conda.anaconda.org/conda-forge/noarch/importlib_resources-5.10.2-pyhd8ed1ab_0.conda#de76905f801c22fc43e624058574eab3
https://conda.anaconda.org/conda-forge/noarch/jinja2-3.1.2-pyhd8ed1ab_1.tar.bz2#c8490ed5c70966d232fdd389d0dbed37
https://conda.anaconda.org/conda-forge/linux-64/libgd-2.3.3-h18fbbfe_3.tar.bz2#ea9758cf553476ddf75c789fdd239dc5
https://conda.anaconda.org/conda-forge/linux-64/libmamba-1.2.0-habaa8ee_0.conda#037947c0c9208a85cf09a960525e9f9c
https://conda.anaconda.org/conda-forge/noarch/lzstring-1.0.4-py_1001.tar.bz2#08f3559feb5354d308287d9dc10ef184
https://conda.anaconda.org/conda-forge/noarch/markdown-it-py-2.1.0-pyhd8ed1ab_0.tar.bz2#d821ebc1ebe21d4cac2555278c2cd970
https://conda.anaconda.org/conda-forge/noarch/perl-business-isbn-data-20210112.006-pl5321hd8ed1ab_0.tar.bz2#a70f08650ec3919ee5e599834f1349d3
https://conda.anaconda.org/bioconda/noarch/perl-encode-locale-1.05-pl5321hdfd78af_7.tar.bz2#b431fde1d115040cf39bb54280a03dc8
https://conda.anaconda.org/conda-forge/noarch/perl-io-socket-ssl-2.075-pl5321hd8ed1ab_0.tar.bz2#766504bbe99de2151648d98312b09c2b
https://conda.anaconda.org/bioconda/noarch/perl-lwp-mediatypes-6.04-pl5321hdfd78af_1.tar.bz2#386b035f45e9389e6e9b1a367fdd19bb
https://conda.anaconda.org/bioconda/noarch/perl-time-local-1.30-pl5321hdfd78af_0.tar.bz2#9d8b188186489efe61bc63fd4a2b8259
https://conda.anaconda.org/conda-forge/linux-64/pillow-9.2.0-py310h454ad03_3.tar.bz2#eb354ff791f505b1d6f13f776359d88e
https://conda.anaconda.org/conda-forge/noarch/pygments-2.14.0-pyhd8ed1ab_0.conda#c78cd16b11cd6a295484bd6c8f24bea1
https://conda.anaconda.org/bioconda/linux-64/pysam-0.20.0-py310hff46b53_0.tar.bz2#3bd14dade02bfaaf4512c27ebb879e31
https://conda.anaconda.org/conda-forge/noarch/python-dateutil-2.8.2-pyhd8ed1ab_0.tar.bz2#dd999d1cc9f79e67dbb855c8924c7984
https://conda.anaconda.org/conda-forge/linux-64/ruamel.yaml-0.17.21-py310h5764c6d_2.tar.bz2#93643151fba5c31c676effdd7661f075
https://conda.anaconda.org/conda-forge/noarch/stopit-1.1.2-py_0.tar.bz2#a07ae164291cd456aa3012f44654a950
https://conda.anaconda.org/conda-forge/noarch/tqdm-4.64.1-pyhd8ed1ab_0.tar.bz2#5526ff3f88f9db87bb0924b9ce575345
https://conda.anaconda.org/conda-forge/noarch/typing-extensions-4.4.0-hd8ed1ab_0.tar.bz2#be969210b61b897775a0de63cd9e9026
https://conda.anaconda.org/conda-forge/linux-64/yte-1.5.1-py310hff52083_1.tar.bz2#c87ae5169f0b3c5796f3f59b4638b7e8
https://conda.anaconda.org/conda-forge/linux-64/brotlipy-0.7.0-py310h5764c6d_1005.tar.bz2#87669c3468dff637bbd0363bc0f895cf
https://conda.anaconda.org/conda-forge/linux-64/coin-or-osi-0.108.7-h2720bb7_2.tar.bz2#0e27669298fd618c010e2333ba7dd839
https://conda.anaconda.org/conda-forge/linux-64/cryptography-39.0.0-py310h65dfdc0_0.conda#53dc598da01f843addedcfd669f1e03f
https://conda.anaconda.org/conda-forge/noarch/gitpython-3.1.30-pyhd8ed1ab_0.conda#0c217ab2f5ef6925e4e52c70b57cfc4a
https://conda.anaconda.org/conda-forge/linux-64/harfbuzz-6.0.0-h8e241bc_0.conda#448fe40d2fed88ccf4d9ded37cbb2b38
https://conda.anaconda.org/conda-forge/noarch/jsonschema-4.17.3-pyhd8ed1ab_0.conda#723268a468177cd44568eb8f794e0d80
https://conda.anaconda.org/bioconda/noarch/krona-2.8.1-pl5321hdfd78af_1.tar.bz2#cbffcf9493a67fe1869cd81a50441616
https://conda.anaconda.org/conda-forge/linux-64/libmambapy-1.2.0-py310h4d5d8b6_0.conda#1f2ef18c07124538b5b4f1686d21752f
https://conda.anaconda.org/bioconda/noarch/mapdamage2-2.1.1-py_0.tar.bz2#bc0000324f3c7d4668c8895026cb09f9
https://conda.anaconda.org/conda-forge/noarch/markdown-3.4.1-pyhd8ed1ab_0.tar.bz2#50d5bcf9693d8c1e7db6b1150b5c4ee5
https://conda.anaconda.org/conda-forge/linux-64/matplotlib-base-3.6.3-py310he60537e_0.conda#08d6376a6da7844308927190f81382bb
https://conda.anaconda.org/conda-forge/linux-64/pandas-1.5.3-py310h9b08913_0.conda#467244b0dbb7da40927ac6ee0e9491de
https://conda.anaconda.org/conda-forge/noarch/perl-business-isbn-3.007-pl5321hd8ed1ab_0.tar.bz2#a7a3d7614e1a73b8d9c20030651d6006
https://conda.anaconda.org/bioconda/noarch/perl-http-date-6.05-pl5321hdfd78af_0.tar.bz2#5ce7de4ea806149915caa033a3bbc9cf
https://conda.anaconda.org/conda-forge/noarch/platformdirs-2.6.2-pyhd8ed1ab_0.conda#0b4cc3f8181b0d8446eb5387d7848a54
https://conda.anaconda.org/conda-forge/noarch/rich-13.2.0-pyhd8ed1ab_1.conda#a5aee54a07febcfefad08e47ee09b621
https://conda.anaconda.org/bioconda/linux-64/samtools-1.16.1-h6899075_1.tar.bz2#f46ab19debf488bbcf6f34b9c4ecfa89
https://conda.anaconda.org/conda-forge/noarch/spectra-0.0.11-py_1.tar.bz2#3979401f3b9bcebf0adba6d091d390e3
https://conda.anaconda.org/conda-forge/linux-64/zstandard-0.19.0-py310hdeb6495_1.conda#2cce1a48e6687f64d371d2e7fc9c7fbf
https://conda.anaconda.org/conda-forge/linux-64/coin-or-clp-1.17.7-hc56784d_2.tar.bz2#c77c34a8e450686487eccdaf68dea744
https://conda.anaconda.org/conda-forge/noarch/conda-package-streaming-0.7.0-pyhd8ed1ab_1.conda#1a2fa9e53cfbc2e4d9ab21990805a436
https://conda.anaconda.org/conda-forge/linux-64/jupyter_core-5.1.5-py310hff52083_0.conda#0686cb6c84b6805eb0be38176dc7f2fa
https://conda.anaconda.org/conda-forge/linux-64/pango-1.50.12-hd33c08f_1.conda#667dc93c913f0156e1237032e3a22046
https://conda.anaconda.org/bioconda/noarch/perl-file-listing-6.15-pl5321hdfd78af_0.tar.bz2#8bbc229b81a7c4e540bd66c1f9ac764e
https://conda.anaconda.org/bioconda/noarch/perl-uri-5.12-pl5321hdfd78af_0.tar.bz2#6b571eaa643024a4bdaa12704928375f
https://conda.anaconda.org/conda-forge/noarch/pyopenssl-23.0.0-pyhd8ed1ab_0.conda#d41957700e83bbb925928764cb7f8878
https://conda.anaconda.org/conda-forge/noarch/rich-click-1.6.1-pyhd8ed1ab_0.conda#59a168d82c582248859d8dc8075da6f6
https://conda.anaconda.org/conda-forge/linux-64/xopen-1.7.0-py310hff52083_0.tar.bz2#2c302c6d71e0aef42baece20e3a91f11
https://conda.anaconda.org/conda-forge/linux-64/coin-or-cgl-0.60.6-h6f57e76_2.tar.bz2#0a88bf82fbfc3a19bed5e18dcce83178
https://conda.anaconda.org/conda-forge/noarch/conda-package-handling-2.0.2-pyh38be061_0.conda#44800e9bd13143292097c65e57323038
https://conda.anaconda.org/bioconda/linux-64/dnaio-0.10.0-py310h1425a21_0.tar.bz2#028a092f813ca09f9bf4da010bf2994b
https://conda.anaconda.org/conda-forge/linux-64/gtk2-2.24.33-h90689f9_2.tar.bz2#957a0255ab58aaf394a91725d73ab422
https://conda.anaconda.org/conda-forge/linux-64/librsvg-2.54.4-h7abd40a_0.tar.bz2#921e53675ed5ea352f022b79abab076a
https://conda.anaconda.org/conda-forge/noarch/nbformat-5.7.3-pyhd8ed1ab_0.conda#9714111cb6c7dbbc9a9f34de205c2f29
https://conda.anaconda.org/bioconda/noarch/perl-http-message-6.36-pl5321hdfd78af_0.tar.bz2#a213d1308ffa8e0789996ae6ecda98ae
https://conda.anaconda.org/bioconda/noarch/perl-net-http-6.22-pl5321hdfd78af_0.tar.bz2#f3b44f2b9932c3def346e6ad9aabe43d
https://conda.anaconda.org/bioconda/noarch/perl-www-robotrules-6.02-pl5321hdfd78af_4.tar.bz2#8305f4ed6306b1125a8c8caf2f05aec8
https://conda.anaconda.org/conda-forge/linux-64/r-base-4.2.2-h6b4767f_2.conda#8fbf5ec261d0c9f0b5c57aee919d0641
https://conda.anaconda.org/conda-forge/noarch/urllib3-1.26.14-pyhd8ed1ab_0.conda#01f33ad2e0aaf6b5ba4add50dad5ad29
https://conda.anaconda.org/conda-forge/linux-64/coin-or-cbc-2.10.8-h3786ebc_0.tar.bz2#a7f1d9773101f34e3cedf335992865f7
https://conda.anaconda.org/bioconda/linux-64/cutadapt-4.2-py310h1425a21_0.tar.bz2#1081635d534fbe84acca139c92577707
https://conda.anaconda.org/conda-forge/linux-64/graphviz-6.0.2-h99bc08f_0.conda#8f247587d1520a2bbc6f79a821b74c07
https://conda.anaconda.org/bioconda/linux-64/perl-html-parser-3.80-pl5321h9f5acd7_0.tar.bz2#dee476f01d298eac2ded0923d8c88382
https://conda.anaconda.org/bioconda/noarch/perl-http-cookies-6.10-pl5321hdfd78af_0.tar.bz2#e814a81fb8024d2be457805250df690c
https://conda.anaconda.org/bioconda/noarch/perl-http-daemon-6.14-pl5321hdfd78af_0.tar.bz2#ec7208cfb33cb770ec1a2b0fc67a5edf
https://conda.anaconda.org/bioconda/noarch/perl-http-negotiate-6.01-pl5321hdfd78af_4.tar.bz2#8a56e406990d3b84b89a50caf5f2811d
https://conda.anaconda.org/bioconda/noarch/pmdtools-0.60-hdfd78af_5.tar.bz2#720966498a6f0afac47a166ab61cc836
https://conda.anaconda.org/conda-forge/linux-64/r-cli-3.6.0-r42h38f115c_0.conda#9f65868390ffeb343e8cb22f546f4ba1
https://conda.anaconda.org/conda-forge/noarch/r-codetools-0.2_18-r42hc72bb7e_1.tar.bz2#958c9fd83fd80058ba1f21281705f9b5
https://conda.anaconda.org/conda-forge/linux-64/r-colorspace-2.1_0-r42h133d619_0.conda#297af9400908929922607d97150ab6c9
https://conda.anaconda.org/conda-forge/linux-64/r-farver-2.1.1-r42h7525677_1.tar.bz2#377ded58582b5d01304f3383538a2027
https://conda.anaconda.org/conda-forge/noarch/r-getopt-1.20.3-r42ha770c72_3.tar.bz2#1c2d53cb320af96b4516af5df1d539c5
https://conda.anaconda.org/conda-forge/linux-64/r-glue-1.6.2-r42h06615bd_1.tar.bz2#c2024f985f552fdb94fffc7c3039f818
https://conda.anaconda.org/conda-forge/noarch/r-gridbase-0.4_7-r42hc72bb7e_1004.tar.bz2#ebb8fdb97c3fb8fbf8d2b698cb786511
https://conda.anaconda.org/conda-forge/noarch/r-gtable-0.3.1-r42hc72bb7e_1.tar.bz2#e05dbfdfc676106b4880c36046fcacd3
https://conda.anaconda.org/conda-forge/noarch/r-iterators-1.0.14-r42hc72bb7e_1.tar.bz2#54dce82dbd8827a9f490b3daf286b7fc
https://conda.anaconda.org/conda-forge/linux-64/r-jsonlite-1.8.4-r42h133d619_0.conda#99c14ee5147c49c28319582e6bb4dd58
https://conda.anaconda.org/conda-forge/noarch/r-labeling-0.4.2-r42hc72bb7e_2.tar.bz2#a8c6275f22169dfb4f147a63d7b1b4fd
https://conda.anaconda.org/conda-forge/noarch/r-r6-2.5.1-r42hc72bb7e_1.tar.bz2#31feba961dbabe1897d50c4cbb50b383
https://conda.anaconda.org/conda-forge/noarch/r-rcolorbrewer-1.1_3-r42h785f33e_1.tar.bz2#fa52cd7e8c99fff352794b4e699d0f76
https://conda.anaconda.org/conda-forge/linux-64/r-rlang-1.0.6-r42h7525677_1.tar.bz2#e3535a1fc9c98516a3b8ecd56ec203c1
https://conda.anaconda.org/conda-forge/noarch/r-viridislite-0.4.1-r42hc72bb7e_1.tar.bz2#412de380396e466ddb7cd48fae639072
https://conda.anaconda.org/conda-forge/noarch/requests-2.28.2-pyhd8ed1ab_0.conda#11d178fc55199482ee48d6812ea83983
https://conda.anaconda.org/conda-forge/noarch/coincbc-2.10.8-0_metapackage.tar.bz2#35c87e16b8ca27f20d2120d0a20be799
https://conda.anaconda.org/conda-forge/linux-64/conda-22.11.1-py310hff52083_1.conda#c50e15e4014d4a2fca0085a813cd6393
https://conda.anaconda.org/conda-forge/linux-64/imagemagick-7.1.0_55-pl5321h0d24a18_0.conda#35ab22e75b47bc042d914b4121ef976b
https://conda.anaconda.org/bioconda/noarch/multiqc-1.14-pyhdfd78af_0.tar.bz2#e111151350487ea9919fdb232abe9f75
https://conda.anaconda.org/bioconda/noarch/perl-libwww-perl-6.67-pl5321hdfd78af_0.tar.bz2#9493077e9e1dae0017f0d4cd9baf7de6
https://conda.anaconda.org/conda-forge/linux-64/pygraphviz-1.10-py310h71cedb9_2.tar.bz2#719a0a7d0561e83a47189c63f83e2ffe
https://conda.anaconda.org/conda-forge/noarch/r-foreach-1.5.2-r42hc72bb7e_1.tar.bz2#046dfd3dd988d47454eecfb9e4da1a09
https://conda.anaconda.org/conda-forge/noarch/r-gridextra-2.3-r42hc72bb7e_1004.tar.bz2#492fd07a868354cb0557c13a3548d57c
https://conda.anaconda.org/conda-forge/noarch/r-lifecycle-1.0.3-r42hc72bb7e_1.tar.bz2#a380eaafa79a6fb6866924accc451f1b
https://conda.anaconda.org/conda-forge/noarch/r-munsell-0.5.0-r42hc72bb7e_1005.tar.bz2#e7c53fd2064700ff07429966a7da7508
https://conda.anaconda.org/conda-forge/linux-64/mamba-1.2.0-py310hf87f941_0.conda#51d1709fd9237029036ea4c0957c1935
https://conda.anaconda.org/bioconda/noarch/perl-lwp-protocol-https-6.10-pl5321hdfd78af_0.tar.bz2#6ad432164666124b1cd2ded4865a0e89
https://conda.anaconda.org/conda-forge/linux-64/pulp-2.7.0-py310hff52083_0.tar.bz2#9db397f7df2421c0308914da74313412
https://conda.anaconda.org/conda-forge/noarch/r-doparallel-1.0.17-r42hc72bb7e_1.tar.bz2#7d7c4dc847b7d54579b1eed9d4d53220
https://conda.anaconda.org/conda-forge/noarch/r-scales-1.2.1-r42hc72bb7e_1.tar.bz2#96555320620b4a81211bef1d355deefe
https://conda.anaconda.org/bioconda/noarch/hops-0.35-hdfd78af_1.tar.bz2#66359d226e65fc8cd35882afa0be2678
https://conda.anaconda.org/bioconda/linux-64/krakenuniq-1.0.3-pl5321h19e8d03_0.tar.bz2#1a99c17ac989ab5570e16a3bd89ba910
https://conda.anaconda.org/conda-forge/noarch/r-pheatmap-1.0.12-r42hc72bb7e_3.tar.bz2#e6e6d1ff2623e97ddd7131673d334ffd
https://conda.anaconda.org/bioconda/noarch/snakemake-minimal-7.20.0-pyhdfd78af_0.tar.bz2#293e6c02dd08e7f5290738d415d7abca
